Microsoft Visual Studio Solution File, Format Version 12.00
# Visual Studio Version 17
VisualStudioVersion = 17.5.2.0
MinimumVisualStudioVersion = 10.0.40219.1
Project("{FAE04EC0-301F-11D3-BF4B-00C04F79EFBC}") = "AzureThroughputMonitor", "AzureThroughputMonitor.csproj", "{BC9B08E2-F7EE-FD68-AA97-A49227D32225}"
EndProject
Global
	GlobalSection(SolutionConfigurationPlatforms) = preSolution
		Debug|Any CPU = Debug|Any CPU
		Release|Any CPU = Release|Any CPU
	EndGlobalSection
	GlobalSection(ProjectConfigurationPlatforms) = postSolution
		{BC9B08E2-F7EE-FD68-AA97-A49227D32225}.Debug|Any CPU.ActiveCfg = Debug|Any CPU
		{BC9B08E2-F7EE-FD68-AA97-A49227D32225}.Debug|Any CPU.Build.0 = Debug|Any CPU
		{BC9B08E2-F7EE-FD68-AA97-A49227D32225}.Release|Any CPU.ActiveCfg = Release|Any CPU
		{BC9B08E2-F7EE-FD68-AA97-A49227D32225}.Release|Any CPU.Build.0 = Release|Any CPU
	EndGlobalSection
	GlobalSection(SolutionProperties) = preSolution
		HideSolutionNode = FALSE
	EndGlobalSection
	GlobalSection(ExtensibilityGlobals) = postSolution
		SolutionGuid = {E5352ED5-865D-4298-8207-5D55DCDEAF9F}
	EndGlobalSection
EndGlobal
